
Microsoft Visual Studio Solution File, Format Version 12.00
# Visual Studio Version 17
VisualStudioVersion = 17.0.31903.59
MinimumVisualStudioVersion = 10.0.40219.1
Project("{FAE04EC0-301F-11D3-BF4B-00C04F79EFBC}") = "BrCitizenRegistry.Api", "BrCitizenRegistry.Api\BrCitizenRegistry.Api.csproj", "{144DFEF3-FAC0-4064-BC5C-379C9D8835DE}"
EndProject
Project("{2150E333-8FDC-42A3-9474-1A3956D46DE8}") = "src", "src", "{827E0CD3-B72D-47B6-A68D-7590B98EB39B}"
EndProject
Project("{FAE04EC0-301F-11D3-BF4B-00C04F79EFBC}") = "BrCitizenRegistry.Domain", "src\BrCitizenRegistry.Domain\BrCitizenRegistry.Domain.csproj", "{EB64DB19-2F52-4A20-9089-FFCC3A1B26F0}"
EndProject
Project("{FAE04EC0-301F-11D3-BF4B-00C04F79EFBC}") = "BrCitizenRegistry.Application", "src\BrCitizenRegistry.Application\BrCitizenRegistry.Application.csproj", "{90DDD943-341E-46E4-AC7B-5638053954C2}"
EndProject
Project("{FAE04EC0-301F-11D3-BF4B-00C04F79EFBC}") = "BrCitizenRegistry.Infrastructure", "src\BrCitizenRegistry.Infrastructure\BrCitizenRegistry.Infrastructure.csproj", "{9F7C86C8-991D-43B0-9CFD-CABAE05E36BD}"
EndProject
Global
	GlobalSection(SolutionConfigurationPlatforms) = preSolution
		Debug|Any CPU = Debug|Any CPU
		Debug|x64 = Debug|x64
		Debug|x86 = Debug|x86
		Release|Any CPU = Release|Any CPU
		Release|x64 = Release|x64
		Release|x86 = Release|x86
	EndGlobalSection
	GlobalSection(ProjectConfigurationPlatforms) = postSolution
		{144DFEF3-FAC0-4064-BC5C-379C9D8835DE}.Debug|Any CPU.ActiveCfg = Debug|Any CPU
		{144DFEF3-FAC0-4064-BC5C-379C9D8835DE}.Debug|Any CPU.Build.0 = Debug|Any CPU
		{144DFEF3-FAC0-4064-BC5C-379C9D8835DE}.Debug|x64.ActiveCfg = Debug|Any CPU
		{144DFEF3-FAC0-4064-BC5C-379C9D8835DE}.Debug|x64.Build.0 = Debug|Any CPU
		{144DFEF3-FAC0-4064-BC5C-379C9D8835DE}.Debug|x86.ActiveCfg = Debug|Any CPU
		{144DFEF3-FAC0-4064-BC5C-379C9D8835DE}.Debug|x86.Build.0 = Debug|Any CPU
		{144DFEF3-FAC0-4064-BC5C-379C9D8835DE}.Release|Any CPU.ActiveCfg = Release|Any CPU
		{144DFEF3-FAC0-4064-BC5C-379C9D8835DE}.Release|Any CPU.Build.0 = Release|Any CPU
		{144DFEF3-FAC0-4064-BC5C-379C9D8835DE}.Release|x64.ActiveCfg = Release|Any CPU
		{144DFEF3-FAC0-4064-BC5C-379C9D8835DE}.Release|x64.Build.0 = Release|Any CPU
		{144DFEF3-FAC0-4064-BC5C-379C9D8835DE}.Release|x86.ActiveCfg = Release|Any CPU
		{144DFEF3-FAC0-4064-BC5C-379C9D8835DE}.Release|x86.Build.0 = Release|Any CPU
		{EB64DB19-2F52-4A20-9089-FFCC3A1B26F0}.Debug|Any CPU.ActiveCfg = Debug|Any CPU
		{EB64DB19-2F52-4A20-9089-FFCC3A1B26F0}.Debug|Any CPU.Build.0 = Debug|Any CPU
		{EB64DB19-2F52-4A20-9089-FFCC3A1B26F0}.Debug|x64.ActiveCfg = Debug|Any CPU
		{EB64DB19-2F52-4A20-9089-FFCC3A1B26F0}.Debug|x64.Build.0 = Debug|Any CPU
		{EB64DB19-2F52-4A20-9089-FFCC3A1B26F0}.Debug|x86.ActiveCfg = Debug|Any CPU
		{EB64DB19-2F52-4A20-9089-FFCC3A1B26F0}.Debug|x86.Build.0 = Debug|Any CPU
		{EB64DB19-2F52-4A20-9089-FFCC3A1B26F0}.Release|Any CPU.ActiveCfg = Release|Any CPU
		{EB64DB19-2F52-4A20-9089-FFCC3A1B26F0}.Release|Any CPU.Build.0 = Release|Any CPU
		{EB64DB19-2F52-4A20-9089-FFCC3A1B26F0}.Release|x64.ActiveCfg = Release|Any CPU
		{EB64DB19-2F52-4A20-9089-FFCC3A1B26F0}.Release|x64.Build.0 = Release|Any CPU
		{EB64DB19-2F52-4A20-9089-FFCC3A1B26F0}.Release|x86.ActiveCfg = Release|Any CPU
		{EB64DB19-2F52-4A20-9089-FFCC3A1B26F0}.Release|x86.Build.0 = Release|Any CPU
		{90DDD943-341E-46E4-AC7B-5638053954C2}.Debug|Any CPU.ActiveCfg = Debug|Any CPU
		{90DDD943-341E-46E4-AC7B-5638053954C2}.Debug|Any CPU.Build.0 = Debug|Any CPU
		{90DDD943-341E-46E4-AC7B-5638053954C2}.Debug|x64.ActiveCfg = Debug|Any CPU
		{90DDD943-341E-46E4-AC7B-5638053954C2}.Debug|x64.Build.0 = Debug|Any CPU
		{90DDD943-341E-46E4-AC7B-5638053954C2}.Debug|x86.ActiveCfg = Debug|Any CPU
		{90DDD943-341E-46E4-AC7B-5638053954C2}.Debug|x86.Build.0 = Debug|Any CPU
		{90DDD943-341E-46E4-AC7B-5638053954C2}.Release|Any CPU.ActiveCfg = Release|Any CPU
		{90DDD943-341E-46E4-AC7B-5638053954C2}.Release|Any CPU.Build.0 = Release|Any CPU
		{90DDD943-341E-46E4-AC7B-5638053954C2}.Release|x64.ActiveCfg = Release|Any CPU
		{90DDD943-341E-46E4-AC7B-5638053954C2}.Release|x64.Build.0 = Release|Any CPU
		{90DDD943-341E-46E4-AC7B-5638053954C2}.Release|x86.ActiveCfg = Release|Any CPU
		{90DDD943-341E-46E4-AC7B-5638053954C2}.Release|x86.Build.0 = Release|Any CPU
		{9F7C86C8-991D-43B0-9CFD-CABAE05E36BD}.Debug|Any CPU.ActiveCfg = Debug|Any CPU
		{9F7C86C8-991D-43B0-9CFD-CABAE05E36BD}.Debug|Any CPU.Build.0 = Debug|Any CPU
		{9F7C86C8-991D-43B0-9CFD-CABAE05E36BD}.Debug|x64.ActiveCfg = Debug|Any CPU
		{9F7C86C8-991D-43B0-9CFD-CABAE05E36BD}.Debug|x64.Build.0 = Debug|Any CPU
		{9F7C86C8-991D-43B0-9CFD-CABAE05E36BD}.Debug|x86.ActiveCfg = Debug|Any CPU
		{9F7C86C8-991D-43B0-9CFD-CABAE05E36BD}.Debug|x86.Build.0 = Debug|Any CPU
		{9F7C86C8-991D-43B0-9CFD-CABAE05E36BD}.Release|Any CPU.ActiveCfg = Release|Any CPU
		{9F7C86C8-991D-43B0-9CFD-CABAE05E36BD}.Release|Any CPU.Build.0 = Release|Any CPU
		{9F7C86C8-991D-43B0-9CFD-CABAE05E36BD}.Release|x64.ActiveCfg = Release|Any CPU
		{9F7C86C8-991D-43B0-9CFD-CABAE05E36BD}.Release|x64.Build.0 = Release|Any CPU
		{9F7C86C8-991D-43B0-9CFD-CABAE05E36BD}.Release|x86.ActiveCfg = Release|Any CPU
		{9F7C86C8-991D-43B0-9CFD-CABAE05E36BD}.Release|x86.Build.0 = Release|Any CPU
	EndGlobalSection
	GlobalSection(SolutionProperties) = preSolution
		HideSolutionNode = FALSE
	EndGlobalSection
	GlobalSection(NestedProjects) = preSolution
		{EB64DB19-2F52-4A20-9089-FFCC3A1B26F0} = {827E0CD3-B72D-47B6-A68D-7590B98EB39B}
		{90DDD943-341E-46E4-AC7B-5638053954C2} = {827E0CD3-B72D-47B6-A68D-7590B98EB39B}
		{9F7C86C8-991D-43B0-9CFD-CABAE05E36BD} = {827E0CD3-B72D-47B6-A68D-7590B98EB39B}
	EndGlobalSection
EndGlobal
